// !$*UTF8*$!
{
	archiveVersion = 1;
	classes = {
	};
	objectVersion = 46;
	objects = {

/* Begin PBXBuildFile section */
		3C0BC6741C3267A9006B9AE0 /* WaterFlowViewLayout2.m in Sources */ = {isa = PBXBuildFile; fileRef = 3C0BC6731C3267A9006B9AE0 /* WaterFlowViewLayout2.m */; };
		3C0BC6781C326EA2006B9AE0 /* WaterFlowCollectionViewController2.m in Sources */ = {isa = PBXBuildFile; fileRef = 3C0BC6771C326EA2006B9AE0 /* WaterFlowCollectionViewController2.m */; };
		3C0BC67C1C326FAC006B9AE0 /* WaterFlowCollectionViewCell2.m in Sources */ = {isa = PBXBuildFile; fileRef = 3C0BC67A1C326FAC006B9AE0 /* WaterFlowCollectionViewCell2.m */; };
		3C0BC67D1C326FAC006B9AE0 /* WaterFlowCollectionViewCell2.xib in Resources */ = {isa = PBXBuildFile; fileRef = 3C0BC67B1C326FAC006B9AE0 /* WaterFlowCollectionViewCell2.xib */; };
		3CF33EE01C2F98A10099FAE6 /* main.m in Sources */ = {isa = PBXBuildFile; fileRef = 3CF33EDF1C2F98A10099FAE6 /* main.m */; };
		3CF33EE31C2F98A10099FAE6 /* AppDelegate.m in Sources */ = {isa = PBXBuildFile; fileRef = 3CF33EE21C2F98A10099FAE6 /* AppDelegate.m */; };
		3CF33EEB1C2F98A10099FAE6 /* Assets.xcassets in Resources */ = {isa = PBXBuildFile; fileRef = 3CF33EEA1C2F98A10099FAE6 /* Assets.xcassets */; };
		3CF33EEE1C2F98A10099FAE6 /* LaunchScreen.storyboard in Resources */ = {isa = PBXBuildFile; fileRef = 3CF33EEC1C2F98A10099FAE6 /* LaunchScreen.storyboard */; };
		3CFD07C71C30CC8C0006F48A /* LinearCollectionViewController.m in Sources */ = {isa = PBXBuildFile; fileRef = 3CFD07C61C30CC8C0006F48A /* LinearCollectionViewController.m */; };
		3CFD07CB1C30D4280006F48A /* LinearLayout.m in Sources */ = {isa = PBXBuildFile; fileRef = 3CFD07CA1C30D4280006F48A /* LinearLayout.m */; };
		3CFD07CE1C30D8E50006F48A /* LinearCollectionViewCell.m in Sources */ = {isa = PBXBuildFile; fileRef = 3CFD07CD1C30D8E50006F48A /* LinearCollectionViewCell.m */; };
		3CFD07D01C30D9170006F48A /* LinearCollectionViewCell.xib in Resources */ = {isa = PBXBuildFile; fileRef = 3CFD07CF1C30D9170006F48A /* LinearCollectionViewCell.xib */; };
		3CFD07D41C31036D0006F48A /* GridViewLayout.m in Sources */ = {isa = PBXBuildFile; fileRef = 3CFD07D31C31036D0006F48A /* GridViewLayout.m */; };
		3CFD07D81C3104F90006F48A /* GridCollectionViewCell.m in Sources */ = {isa = PBXBuildFile; fileRef = 3CFD07D61C3104F90006F48A /* GridCollectionViewCell.m */; };
		3CFD07D91C3104F90006F48A /* GridCollectionViewCell.xib in Resources */ = {isa = PBXBuildFile; fileRef = 3CFD07D71C3104F90006F48A /* GridCollectionViewCell.xib */; };
		3CFD07DC1C3105850006F48A /* GridCollectionViewController.m in Sources */ = {isa = PBXBuildFile; fileRef = 3CFD07DB1C3105850006F48A /* GridCollectionViewController.m */; };
		3CFD07E01C310ABF0006F48A /* CircleViewLayout.m in Sources */ = {isa = PBXBuildFile; fileRef = 3CFD07DF1C310ABF0006F48A /* CircleViewLayout.m */; };
		3CFD07E41C310E270006F48A /* CircleCollectionViewCell.m in Sources */ = {isa = PBXBuildFile; fileRef = 3CFD07E21C310E270006F48A /* CircleCollectionViewCell.m */; };
		3CFD07E51C310E270006F48A /* CircleCollectionViewCell.xib in Resources */ = {isa = PBXBuildFile; fileRef = 3CFD07E31C310E270006F48A /* CircleCollectionViewCell.xib */; };
		3CFD07E81C310EA70006F48A /* CircleCollectionViewController.m in Sources */ = {isa = PBXBuildFile; fileRef = 3CFD07E71C310EA70006F48A /* CircleCollectionViewController.m */; };
		3CFD07F81C3130D20006F48A /* Demo1BaseViewController.m in Sources */ = {isa = PBXBuildFile; fileRef = 3CFD07F71C3130D20006F48A /* Demo1BaseViewController.m */; };
		3CFD07FB1C3130E10006F48A /* Demo2BaseViewController.m in Sources */ = {isa = PBXBuildFile; fileRef = 3CFD07FA1C3130E10006F48A /* Demo2BaseViewController.m */; };
		3CFD07FD1C3134600006F48A /* Demo2.storyboard in Resources */ = {isa = PBXBuildFile; fileRef = 3CFD07FC1C3134600006F48A /* Demo2.storyboard */; };
		3CFD08001C3135180006F48A /* Demo1.storyboard in Resources */ = {isa = PBXBuildFile; fileRef = 3CFD07FE1C3135180006F48A /* Demo1.storyboard */; };
		3CFD08061C31360A0006F48A /* WaterFlowCollectionViewController.m in Sources */ = {isa = PBXBuildFile; fileRef = 3CFD08051C31360A0006F48A /* WaterFlowCollectionViewController.m */; };
		3CFD080A1C32160B0006F48A /* CarouselView.m in Sources */ = {isa = PBXBuildFile; fileRef = 3CFD08091C32160A0006F48A /* CarouselView.m */; };
		3CFD080D1C321AEF0006F48A /* CarouselViewController.m in Sources */ = {isa = PBXBuildFile; fileRef = 3CFD080C1C321AEF0006F48A /* CarouselViewController.m */; };
		3CFD08111C323BCC0006F48A /* ParallaxViewLayout.m in Sources */ = {isa = PBXBuildFile; fileRef = 3CFD08101C323BCC0006F48A /* ParallaxViewLayout.m */; };
		3CFD08141C323CBD0006F48A /* ParallaxCollectionViewCell.m in Sources */ = {isa = PBXBuildFile; fileRef = 3CFD08131C323CBD0006F48A /* ParallaxCollectionViewCell.m */; };
		3CFD08171C323D470006F48A /* ParallaxCollectionHeaderView.m in Sources */ = {isa = PBXBuildFile; fileRef = 3CFD08161C323D470006F48A /* ParallaxCollectionHeaderView.m */; };
		3CFD081A1C323DA30006F48A /* ParallaxCollectionViewController.m in Sources */ = {isa = PBXBuildFile; fileRef = 3CFD08191C323DA30006F48A /* ParallaxCollectionViewController.m */; };
		3CFD081D1C3255FD0006F48A /* WaterFlowCollectionViewCell.m in Sources */ = {isa = PBXBuildFile; fileRef = 3CFD081C1C3255FD0006F48A /* WaterFlowCollectionViewCell.m */; };
		3CFD08201C3256D10006F48A /* WaterFlowViewLayout.m in Sources */ = {isa = PBXBuildFile; fileRef = 3CFD081F1C3256D10006F48A /* WaterFlowViewLayout.m */; };
/* End PBXBuildFile section */

/* Begin PBXFileReference section */
		3C0BC6721C3267A9006B9AE0 /* WaterFlowViewLayout2.h */ = {isa = PBXFileReference; fileEncoding = 4; lastKnownFileType = sourcecode.c.h; path = WaterFlowViewLayout2.h; sourceTree = "<group>"; };
		3C0BC6731C3267A9006B9AE0 /* WaterFlowViewLayout2.m */ = {isa = PBXFileReference; fileEncoding = 4; lastKnownFileType = sourcecode.c.objc; path = WaterFlowViewLayout2.m; sourceTree = "<group>"; };
		3C0BC6761C326EA2006B9AE0 /* WaterFlowCollectionViewController2.h */ = {isa = PBXFileReference; fileEncoding = 4; lastKnownFileType = sourcecode.c.h; path = WaterFlowCollectionViewController2.h; sourceTree = "<group>"; };
		3C0BC6771C326EA2006B9AE0 /* WaterFlowCollectionViewController2.m */ = {isa = PBXFileReference; fileEncoding = 4; lastKnownFileType = sourcecode.c.objc; path = WaterFlowCollectionViewController2.m; sourceTree = "<group>"; };
		3C0BC6791C326FAC006B9AE0 /* WaterFlowCollectionViewCell2.h */ = {isa = PBXFileReference; fileEncoding = 4; lastKnownFileType = sourcecode.c.h; path = WaterFlowCollectionViewCell2.h; sourceTree = "<group>"; };
		3C0BC67A1C326FAC006B9AE0 /* WaterFlowCollectionViewCell2.m */ = {isa = PBXFileReference; fileEncoding = 4; lastKnownFileType = sourcecode.c.objc; path = WaterFlowCollectionViewCell2.m; sourceTree = "<group>"; };
		3C0BC67B1C326FAC006B9AE0 /* WaterFlowCollectionViewCell2.xib */ = {isa = PBXFileReference; fileEncoding = 4; lastKnownFileType = file.xib; path = WaterFlowCollectionViewCell2.xib; sourceTree = "<group>"; };
		3CF33EDB1C2F98A10099FAE6 /* UICollectionViewControllerDemo.app */ = {isa = PBXFileReference; explicitFileType = wrapper.application; includeInIndex = 0; path = UICollectionViewControllerDemo.app; sourceTree = BUILT_PRODUCTS_DIR; };
		3CF33EDF1C2F98A10099FAE6 /* main.m */ = {isa = PBXFileReference; lastKnownFileType = sourcecode.c.objc; path = main.m; sourceTree = "<group>"; };
		3CF33EE11C2F98A10099FAE6 /* AppDelegate.h */ = {isa = PBXFileReference; lastKnownFileType = sourcecode.c.h; path = AppDelegate.h; sourceTree = "<group>"; };
		3CF33EE21C2F98A10099FAE6 /* AppDelegate.m */ = {isa = PBXFileReference; lastKnownFileType = sourcecode.c.objc; path = AppDelegate.m; sourceTree = "<group>"; };
		3CF33EEA1C2F98A10099FAE6 /* Assets.xcassets */ = {isa = PBXFileReference; lastKnownFileType = folder.assetcatalog; path = Assets.xcassets; sourceTree = "<group>"; };
		3CF33EED1C2F98A10099FAE6 /* Base */ = {isa = PBXFileReference; lastKnownFileType = file.storyboard; name = Base; path = Base.lproj/LaunchScreen.storyboard; sourceTree = "<group>"; };
		3CF33EEF1C2F98A10099FAE6 /* Info.plist */ = {isa = PBXFileReference; lastKnownFileType = text.plist.xml; path = Info.plist; sourceTree = "<group>"; };
		3CFD07C51C30CC8C0006F48A /* LinearCollectionViewController.h */ = {isa = PBXFileReference; fileEncoding = 4; lastKnownFileType = sourcecode.c.h; path = LinearCollectionViewController.h; sourceTree = "<group>"; };
		3CFD07C61C30CC8C0006F48A /* LinearCollectionViewController.m */ = {isa = PBXFileReference; fileEncoding = 4; lastKnownFileType = sourcecode.c.objc; path = LinearCollectionViewController.m; sourceTree = "<group>"; };
		3CFD07C91C30D4280006F48A /* LinearLayout.h */ = {isa = PBXFileReference; fileEncoding = 4; lastKnownFileType = sourcecode.c.h; path = LinearLayout.h; sourceTree = "<group>"; };
		3CFD07CA1C30D4280006F48A /* LinearLayout.m */ = {isa = PBXFileReference; fileEncoding = 4; lastKnownFileType = sourcecode.c.objc; path = LinearLayout.m; sourceTree = "<group>"; };
		3CFD07CC1C30D8E50006F48A /* LinearCollectionViewCell.h */ = {isa = PBXFileReference; fileEncoding = 4; lastKnownFileType = sourcecode.c.h; path = LinearCollectionViewCell.h; sourceTree = "<group>"; };
		3CFD07CD1C30D8E50006F48A /* LinearCollectionViewCell.m */ = {isa = PBXFileReference; fileEncoding = 4; lastKnownFileType = sourcecode.c.objc; path = LinearCollectionViewCell.m; sourceTree = "<group>"; };
		3CFD07CF1C30D9170006F48A /* LinearCollectionViewCell.xib */ = {isa = PBXFileReference; fileEncoding = 4; lastKnownFileType = file.xib; path = LinearCollectionViewCell.xib; sourceTree = "<group>"; };
		3CFD07D21C31036D0006F48A /* GridViewLayout.h */ = {isa = PBXFileReference; fileEncoding = 4; lastKnownFileType = sourcecode.c.h; path = GridViewLayout.h; sourceTree = "<group>"; };
		3CFD07D31C31036D0006F48A /* GridViewLayout.m */ = {isa = PBXFileReference; fileEncoding = 4; lastKnownFileType = sourcecode.c.objc; path = GridViewLayout.m; sourceTree = "<group>"; };
		3CFD07D51C3104F90006F48A /* GridCollectionViewCell.h */ = {isa = PBXFileReference; fileEncoding = 4; lastKnownFileType = sourcecode.c.h; path = GridCollectionViewCell.h; sourceTree = "<group>"; };
		3CFD07D61C3104F90006F48A /* GridCollectionViewCell.m */ = {isa = PBXFileReference; fileEncoding = 4; lastKnownFileType = sourcecode.c.objc; path = GridCollectionViewCell.m; sourceTree = "<group>"; };
		3CFD07D71C3104F90006F48A /* GridCollectionViewCell.xib */ = {isa = PBXFileReference; fileEncoding = 4; lastKnownFileType = file.xib; path = GridCollectionViewCell.xib; sourceTree = "<group>"; };
		3CFD07DA1C3105850006F48A /* GridCollectionViewController.h */ = {isa = PBXFileReference; fileEncoding = 4; lastKnownFileType = sourcecode.c.h; path = GridCollectionViewController.h; sourceTree = "<group>"; };
		3CFD07DB1C3105850006F48A /* GridCollectionViewController.m */ = {isa = PBXFileReference; fileEncoding = 4; lastKnownFileType = sourcecode.c.objc; path = GridCollectionViewController.m; sourceTree = "<group>"; };
		3CFD07DE1C310ABF0006F48A /* CircleViewLayout.h */ = {isa = PBXFileReference; fileEncoding = 4; lastKnownFileType = sourcecode.c.h; path = CircleViewLayout.h; sourceTree = "<group>"; };
		3CFD07DF1C310ABF0006F48A /* CircleViewLayout.m */ = {isa = PBXFileReference; fileEncoding = 4; lastKnownFileType = sourcecode.c.objc; path = CircleViewLayout.m; sourceTree = "<group>"; };
		3CFD07E11C310E270006F48A /* CircleCollectionViewCell.h */ = {isa = PBXFileReference; fileEncoding = 4; lastKnownFileType = sourcecode.c.h; path = CircleCollectionViewCell.h; sourceTree = "<group>"; };
		3CFD07E21C310E270006F48A /* CircleCollectionViewCell.m */ = {isa = PBXFileReference; fileEncoding = 4; lastKnownFileType = sourcecode.c.objc; path = CircleCollectionViewCell.m; sourceTree = "<group>"; };
		3CFD07E31C310E270006F48A /* CircleCollectionViewCell.xib */ = {isa = PBXFileReference; fileEncoding = 4; lastKnownFileType = file.xib; path = CircleCollectionViewCell.xib; sourceTree = "<group>"; };
		3CFD07E61C310EA70006F48A /* CircleCollectionViewController.h */ = {isa = PBXFileReference; fileEncoding = 4; lastKnownFileType = sourcecode.c.h; path = CircleCollectionViewController.h; sourceTree = "<group>"; };
		3CFD07E71C310EA70006F48A /* CircleCollectionViewController.m */ = {isa = PBXFileReference; fileEncoding = 4; lastKnownFileType = sourcecode.c.objc; path = CircleCollectionViewController.m; sourceTree = "<group>"; };
		3CFD07F61C3130D20006F48A /* Demo1BaseViewController.h */ = {isa = PBXFileReference; fileEncoding = 4; lastKnownFileType = sourcecode.c.h; path = Demo1BaseViewController.h; sourceTree = "<group>"; };
		3CFD07F71C3130D20006F48A /* Demo1BaseViewController.m */ = {isa = PBXFileReference; fileEncoding = 4; lastKnownFileType = sourcecode.c.objc; path = Demo1BaseViewController.m; sourceTree = "<group>"; };
		3CFD07F91C3130E10006F48A /* Demo2BaseViewController.h */ = {isa = PBXFileReference; fileEncoding = 4; lastKnownFileType = sourcecode.c.h; path = Demo2BaseViewController.h; sourceTree = "<group>"; };
		3CFD07FA1C3130E10006F48A /* Demo2BaseViewController.m */ = {isa = PBXFileReference; fileEncoding = 4; lastKnownFileType = sourcecode.c.objc; path = Demo2BaseViewController.m; sourceTree = "<group>"; };
		3CFD07FC1C3134600006F48A /* Demo2.storyboard */ = {isa = PBXFileReference; fileEncoding = 4; lastKnownFileType = file.storyboard; path = Demo2.storyboard; sourceTree = "<group>"; };
		3CFD07FF1C3135180006F48A /* Base */ = {isa = PBXFileReference; lastKnownFileType = file.storyboard; name = Base; path = Base.lproj/Demo1.storyboard; sourceTree = "<group>"; };
		3CFD08041C31360A0006F48A /* WaterFlowCollectionViewController.h */ = {isa = PBXFileReference; fileEncoding = 4; lastKnownFileType = sourcecode.c.h; path = WaterFlowCollectionViewController.h; sourceTree = "<group>"; };
		3CFD08051C31360A0006F48A /* WaterFlowCollectionViewController.m */ = {isa = PBXFileReference; fileEncoding = 4; lastKnownFileType = sourcecode.c.objc; path = WaterFlowCollectionViewController.m; sourceTree = "<group>"; };
		3CFD08081C32160A0006F48A /* CarouselView.h */ = {isa = PBXFileReference; fileEncoding = 4; lastKnownFileType = sourcecode.c.h; path = CarouselView.h; sourceTree = "<group>"; };
		3CFD08091C32160A0006F48A /* CarouselView.m */ = {isa = PBXFileReference; fileEncoding = 4; lastKnownFileType = sourcecode.c.objc; path = CarouselView.m; sourceTree = "<group>"; };
		3CFD080B1C321AEF0006F48A /* CarouselViewController.h */ = {isa = PBXFileReference; fileEncoding = 4; lastKnownFileType = sourcecode.c.h; path = CarouselViewController.h; sourceTree = "<group>"; };
		3CFD080C1C321AEF0006F48A /* CarouselViewController.m */ = {isa = PBXFileReference; fileEncoding = 4; lastKnownFileType = sourcecode.c.objc; path = CarouselViewController.m; sourceTree = "<group>"; };
		3CFD080F1C323BCC0006F48A /* ParallaxViewLayout.h */ = {isa = PBXFileReference; fileEncoding = 4; lastKnownFileType = sourcecode.c.h; path = ParallaxViewLayout.h; sourceTree = "<group>"; };
		3CFD08101C323BCC0006F48A /* ParallaxViewLayout.m */ = {isa = PBXFileReference; fileEncoding = 4; lastKnownFileType = sourcecode.c.objc; path = ParallaxViewLayout.m; sourceTree = "<group>"; };
		3CFD08121C323CBD0006F48A /* ParallaxCollectionViewCell.h */ = {isa = PBXFileReference; fileEncoding = 4; lastKnownFileType = sourcecode.c.h; path = ParallaxCollectionViewCell.h; sourceTree = "<group>"; };
		3CFD08131C323CBD0006F48A /* ParallaxCollectionViewCell.m */ = {isa = PBXFileReference; fileEncoding = 4; lastKnownFileType = sourcecode.c.objc; path = ParallaxCollectionViewCell.m; sourceTree = "<group>"; };
		3CFD08151C323D470006F48A /* ParallaxCollectionHeaderView.h */ = {isa = PBXFileReference; fileEncoding = 4; lastKnownFileType = sourcecode.c.h; path = ParallaxCollectionHeaderView.h; sourceTree = "<group>"; };
		3CFD08161C323D470006F48A /* ParallaxCollectionHeaderView.m */ = {isa = PBXFileReference; fileEncoding = 4; lastKnownFileType = sourcecode.c.objc; path = ParallaxCollectionHeaderView.m; sourceTree = "<group>"; };
		3CFD08181C323DA30006F48A /* ParallaxCollectionViewController.h */ = {isa = PBXFileReference; fileEncoding = 4; lastKnownFileType = sourcecode.c.h; path = ParallaxCollectionViewController.h; sourceTree = "<group>"; };
		3CFD08191C323DA30006F48A /* ParallaxCollectionViewController.m */ = {isa = PBXFileReference; fileEncoding = 4; lastKnownFileType = sourcecode.c.objc; path = ParallaxCollectionViewController.m; sourceTree = "<group>"; };
		3CFD081B1C3255FD0006F48A /* WaterFlowCollectionViewCell.h */ = {isa = PBXFileReference; fileEncoding = 4; lastKnownFileType = sourcecode.c.h; path = WaterFlowCollectionViewCell.h; sourceTree = "<group>"; };
		3CFD081C1C3255FD0006F48A /* WaterFlowCollectionViewCell.m */ = {isa = PBXFileReference; fileEncoding = 4; lastKnownFileType = sourcecode.c.objc; path = WaterFlowCollectionViewCell.m; sourceTree = "<group>"; };
		3CFD081E1C3256D10006F48A /* WaterFlowViewLayout.h */ = {isa = PBXFileReference; fileEncoding = 4; lastKnownFileType = sourcecode.c.h; path = WaterFlowViewLayout.h; sourceTree = "<group>"; };
		3CFD081F1C3256D10006F48A /* WaterFlowViewLayout.m */ = {isa = PBXFileReference; fileEncoding = 4; lastKnownFileType = sourcecode.c.objc; path = WaterFlowViewLayout.m; sourceTree = "<group>"; };
/* End PBXFileReference section */

/* Begin PBXFrameworksBuildPhase section */
		3CF33ED81C2F98A10099FAE6 /* Frameworks */ = {
			isa = PBXFrameworksBuildPhase;
			buildActionMask = 2147483647;
			files = (
			);
			runOnlyForDeploymentPostprocessing = 0;
		};
/* End PBXFrameworksBuildPhase section */

/* Begin PBXGroup section */
		3C0BC6751C326E5A006B9AE0 /* WaterFlowCollectionViewController2 */ = {
			isa = PBXGroup;
			children = (
				3C0BC6721C3267A9006B9AE0 /* WaterFlowViewLayout2.h */,
				3C0BC6731C3267A9006B9AE0 /* WaterFlowViewLayout2.m */,
				3C0BC6761C326EA2006B9AE0 /* WaterFlowCollectionViewController2.h */,
				3C0BC6771C326EA2006B9AE0 /* WaterFlowCollectionViewController2.m */,
				3C0BC6791C326FAC006B9AE0 /* WaterFlowCollectionViewCell2.h */,
				3C0BC67A1C326FAC006B9AE0 /* WaterFlowCollectionViewCell2.m */,
				3C0BC67B1C326FAC006B9AE0 /* WaterFlowCollectionViewCell2.xib */,
			);
			name = WaterFlowCollectionViewController2;
			sourceTree = "<group>";
		};
		3CF33ED21C2F98A10099FAE6 = {
			isa = PBXGroup;
			children = (
				3CF33EDD1C2F98A10099FAE6 /* UICollectionViewControllerDemo */,
				3CF33EDC1C2F98A10099FAE6 /* Products */,
			);
			sourceTree = "<group>";
		};
		3CF33EDC1C2F98A10099FAE6 /* Products */ = {
			isa = PBXGroup;
			children = (
				3CF33EDB1C2F98A10099FAE6 /* UICollectionViewControllerDemo.app */,
			);
			name = Products;
			sourceTree = "<group>";
		};
		3CF33EDD1C2F98A10099FAE6 /* UICollectionViewControllerDemo */ = {
			isa = PBXGroup;
			children = (
				3CFD07E91C312DE90006F48A /* Base */,
				3CFD08011C31358F0006F48A /* Demo1 */,
				3CFD08021C3135940006F48A /* Demo2 */,
				3CF33EDE1C2F98A10099FAE6 /* Supporting Files */,
			);
			path = UICollectionViewControllerDemo;
			sourceTree = "<group>";
		};
		3CF33EDE1C2F98A10099FAE6 /* Supporting Files */ = {
			isa = PBXGroup;
			children = (
				3CF33EE11C2F98A10099FAE6 /* AppDelegate.h */,
				3CF33EE21C2F98A10099FAE6 /* AppDelegate.m */,
				3CF33EEA1C2F98A10099FAE6 /* Assets.xcassets */,
				3CF33EEC1C2F98A10099FAE6 /* LaunchScreen.storyboard */,
				3CF33EEF1C2F98A10099FAE6 /* Info.plist */,
				3CF33EDF1C2F98A10099FAE6 /* main.m */,
			);
			name = "Supporting Files";
			sourceTree = "<group>";
		};
		3CFD07C81C30D36D0006F48A /* LinearCollectionViewController */ = {
			isa = PBXGroup;
			children = (
				3CFD07C51C30CC8C0006F48A /* LinearCollectionViewController.h */,
				3CFD07C61C30CC8C0006F48A /* LinearCollectionViewController.m */,
				3CFD07C91C30D4280006F48A /* LinearLayout.h */,
				3CFD07CA1C30D4280006F48A /* LinearLayout.m */,
				3CFD07CC1C30D8E50006F48A /* LinearCollectionViewCell.h */,
				3CFD07CD1C30D8E50006F48A /* LinearCollectionViewCell.m */,
				3CFD07CF1C30D9170006F48A /* LinearCollectionViewCell.xib */,
			);
			name = LinearCollectionViewController;
			sourceTree = "<group>";
		};
		3CFD07D11C31033D0006F48A /* GridCollectionViewController */ = {
			isa = PBXGroup;
			children = (
				3CFD07D21C31036D0006F48A /* GridViewLayout.h */,
				3CFD07D31C31036D0006F48A /* GridViewLayout.m */,
				3CFD07D51C3104F90006F48A /* GridCollectionViewCell.h */,
				3CFD07D61C3104F90006F48A /* GridCollectionViewCell.m */,
				3CFD07D71C3104F90006F48A /* GridCollectionViewCell.xib */,
				3CFD07DA1C3105850006F48A /* GridCollectionViewController.h */,
				3CFD07DB1C3105850006F48A /* GridCollectionViewController.m */,
			);
			name = GridCollectionViewController;
			sourceTree = "<group>";
		};
		3CFD07DD1C310A950006F48A /* CircleCollectionViewController */ = {
			isa = PBXGroup;
			children = (
				3CFD07DE1C310ABF0006F48A /* CircleViewLayout.h */,
				3CFD07DF1C310ABF0006F48A /* CircleViewLayout.m */,
				3CFD07E11C310E270006F48A /* CircleCollectionViewCell.h */,
				3CFD07E21C310E270006F48A /* CircleCollectionViewCell.m */,
				3CFD07E31C310E270006F48A /* CircleCollectionViewCell.xib */,
				3CFD07E61C310EA70006F48A /* CircleCollectionViewController.h */,
				3CFD07E71C310EA70006F48A /* CircleCollectionViewController.m */,
			);
			name = CircleCollectionViewController;
			sourceTree = "<group>";
		};
		3CFD07E91C312DE90006F48A /* Base */ = {
			isa = PBXGroup;
			children = (
				3CFD07F61C3130D20006F48A /* Demo1BaseViewController.h */,
				3CFD07F71C3130D20006F48A /* Demo1BaseViewController.m */,
				3CFD07F91C3130E10006F48A /* Demo2BaseViewController.h */,
				3CFD07FA1C3130E10006F48A /* Demo2BaseViewController.m */,
			);
			name = Base;
			sourceTree = "<group>";
		};
		3CFD08011C31358F0006F48A /* Demo1 */ = {
			isa = PBXGroup;
			children = (
				3CFD07FE1C3135180006F48A /* Demo1.storyboard */,
				3CFD07C81C30D36D0006F48A /* LinearCollectionViewController */,
				3CFD07D11C31033D0006F48A /* GridCollectionViewController */,
				3CFD07DD1C310A950006F48A /* CircleCollectionViewController */,
				3CFD08071C3215BC0006F48A /* CarouselCollectionViewController */,
				3CFD080E1C323B9D0006F48A /* ParallaxCollectionViewController */,
			);
			name = Demo1;
			sourceTree = "<group>";
		};
		3CFD08021C3135940006F48A /* Demo2 */ = {
			isa = PBXGroup;
			children = (
				3CFD07FC1C3134600006F48A /* Demo2.storyboard */,
				3CFD08031C3135D00006F48A /* WaterFlowCollectionViewController1 */,
				3C0BC6751C326E5A006B9AE0 /* WaterFlowCollectionViewController2 */,
			);
			name = Demo2;
			sourceTree = "<group>";
		};
		3CFD08031C3135D00006F48A /* WaterFlowCollectionViewController1 */ = {
			isa = PBXGroup;
			children = (
				3CFD08041C31360A0006F48A /* WaterFlowCollectionViewController.h */,
				3CFD08051C31360A0006F48A /* WaterFlowCollectionViewController.m */,
				3CFD081B1C3255FD0006F48A /* WaterFlowCollectionViewCell.h */,
				3CFD081C1C3255FD0006F48A /* WaterFlowCollectionViewCell.m */,
				3CFD081E1C3256D10006F48A /* WaterFlowViewLayout.h */,
				3CFD081F1C3256D10006F48A /* WaterFlowViewLayout.m */,
			);
			name = WaterFlowCollectionViewController1;
			sourceTree = "<group>";
		};
		3CFD08071C3215BC0006F48A /* CarouselCollectionViewController */ = {
			isa = PBXGroup;
			children = (
				3CFD08081C32160A0006F48A /* CarouselView.h */,
				3CFD08091C32160A0006F48A /* CarouselView.m */,
				3CFD080B1C321AEF0006F48A /* CarouselViewController.h */,
				3CFD080C1C321AEF0006F48A /* CarouselViewController.m */,
			);
			name = CarouselCollectionViewController;
			sourceTree = "<group>";
		};
		3CFD080E1C323B9D0006F48A /* ParallaxCollectionViewController */ = {
			isa = PBXGroup;
			children = (
				3CFD080F1C323BCC0006F48A /* ParallaxViewLayout.h */,
				3CFD08101C323BCC0006F48A /* ParallaxViewLayout.m */,
				3CFD08121C323CBD0006F48A /* ParallaxCollectionViewCell.h */,
				3CFD08131C323CBD0006F48A /* ParallaxCollectionViewCell.m */,
				3CFD08151C323D470006F48A /* ParallaxCollectionHeaderView.h */,
				3CFD08161C323D470006F48A /* ParallaxCollectionHeaderView.m */,
				3CFD08181C323DA30006F48A /* ParallaxCollectionViewController.h */,
				3CFD08191C323DA30006F48A /* ParallaxCollectionViewController.m */,
			);
			name = ParallaxCollectionViewController;
			sourceTree = "<group>";
		};
/* End PBXGroup section */

/* Begin PBXNativeTarget section */
		3CF33EDA1C2F98A10099FAE6 /* UICollectionViewControllerDemo */ = {
			isa = PBXNativeTarget;
			buildConfigurationList = 3CF33EF21C2F98A10099FAE6 /* Build configuration list for PBXNativeTarget "UICollectionViewControllerDemo" */;
			buildPhases = (
				3CF33ED71C2F98A10099FAE6 /* Sources */,
				3CF33ED81C2F98A10099FAE6 /* Frameworks */,
				3CF33ED91C2F98A10099FAE6 /* Resources */,
			);
			buildRules = (
			);
			dependencies = (
			);
			name = UICollectionViewControllerDemo;
			productName = UICollectionViewControllerDemo;
			productReference = 3CF33EDB1C2F98A10099FAE6 /* UICollectionViewControllerDemo.app */;
			productType = "com.apple.product-type.application";
		};
/* End PBXNativeTarget section */

/* Begin PBXProject section */
		3CF33ED31C2F98A10099FAE6 /* Project object */ = {
			isa = PBXProject;
			attributes = {
				LastUpgradeCheck = 0720;
				ORGANIZATIONNAME = "litt1e-p";
				TargetAttributes = {
					3CF33EDA1C2F98A10099FAE6 = {
						CreatedOnToolsVersion = 7.2;
					};
				};
			};
			buildConfigurationList = 3CF33ED61C2F98A10099FAE6 /* Build configuration list for PBXProject "UICollectionViewControllerDemo" */;
			compatibilityVersion = "Xcode 3.2";
			developmentRegion = English;
			hasScannedForEncodings = 0;
			knownRegions = (
				en,
				Base,
			);
			mainGroup = 3CF33ED21C2F98A10099FAE6;
			productRefGroup = 3CF33EDC1C2F98A10099FAE6 /* Products */;
			projectDirPath = "";
			projectRoot = "";
			targets = (
				3CF33EDA1C2F98A10099FAE6 /* UICollectionViewControllerDemo */,
			);
		};
/* End PBXProject section */

/* Begin PBXResourcesBuildPhase section */
		3CF33ED91C2F98A10099FAE6 /* Resources */ = {
			isa = PBXResourcesBuildPhase;
			buildActionMask = 2147483647;
			files = (
				3CFD07E51C310E270006F48A /* CircleCollectionViewCell.xib in Resources */,
				3CF33EEE1C2F98A10099FAE6 /* LaunchScreen.storyboard in Resources */,
				3C0BC67D1C326FAC006B9AE0 /* WaterFlowCollectionViewCell2.xib in Resources */,
				3CF33EEB1C2F98A10099FAE6 /* Assets.xcassets in Resources */,
				3CFD08001C3135180006F48A /* Demo1.storyboard in Resources */,
				3CFD07D91C3104F90006F48A /* GridCollectionViewCell.xib in Resources */,
				3CFD07D01C30D9170006F48A /* LinearCollectionViewCell.xib in Resources */,
				3CFD07FD1C3134600006F48A /* Demo2.storyboard in Resources */,
			);
			runOnlyForDeploymentPostprocessing = 0;
		};
/* End PBXResourcesBuildPhase section */

/* Begin PBXSourcesBuildPhase section */
		3CF33ED71C2F98A10099FAE6 /* Sources */ = {
			isa = PBXSourcesBuildPhase;
			buildActionMask = 2147483647;
			files = (
				3CFD080D1C321AEF0006F48A /* CarouselViewController.m in Sources */,
				3CFD08111C323BCC0006F48A /* ParallaxViewLayout.m in Sources */,
				3CFD07D81C3104F90006F48A /* GridCollectionViewCell.m in Sources */,
				3CFD08141C323CBD0006F48A /* ParallaxCollectionViewCell.m in Sources */,
				3CFD07DC1C3105850006F48A /* GridCollectionViewController.m in Sources */,
				3CFD07CE1C30D8E50006F48A /* LinearCollectionViewCell.m in Sources */,
				3CFD07FB1C3130E10006F48A /* Demo2BaseViewController.m in Sources */,
				3C0BC6781C326EA2006B9AE0 /* WaterFlowCollectionViewController2.m in Sources */,
				3CFD08061C31360A0006F48A /* WaterFlowCollectionViewController.m in Sources */,
				3CFD07F81C3130D20006F48A /* Demo1BaseViewController.m in Sources */,
				3CFD07E81C310EA70006F48A /* CircleCollectionViewController.m in Sources */,
				3CFD07D41C31036D0006F48A /* GridViewLayout.m in Sources */,
				3CFD080A1C32160B0006F48A /* CarouselView.m in Sources */,
				3CFD08201C3256D10006F48A /* WaterFlowViewLayout.m in Sources */,
				3C0BC67C1C326FAC006B9AE0 /* WaterFlowCollectionViewCell2.m in Sources */,
				3CF33EE31C2F98A10099FAE6 /* AppDelegate.m in Sources */,
				3CFD081A1C323DA30006F48A /* ParallaxCollectionViewController.m in Sources */,
				3CFD07C71C30CC8C0006F48A /* LinearCollectionViewController.m in Sources */,
				3CF33EE01C2F98A10099FAE6 /* main.m in Sources */,
				3CFD081D1C3255FD0006F48A /* WaterFlowCollectionViewCell.m in Sources */,
				3CFD08171C323D470006F48A /* ParallaxCollectionHeaderView.m in Sources */,
				3CFD07E01C310ABF0006F48A /* CircleViewLayout.m in Sources */,
				3CFD07E41C310E270006F48A /* CircleCollectionViewCell.m in Sources */,
				3CFD07CB1C30D4280006F48A /* LinearLayout.m in Sources */,
				3C0BC6741C3267A9006B9AE0 /* WaterFlowViewLayout2.m in Sources */,
			);
			runOnlyForDeploymentPostprocessing = 0;
		};
/* End PBXSourcesBuildPhase section */

/* Begin PBXVariantGroup section */
		3CF33EEC1C2F98A10099FAE6 /* LaunchScreen.storyboard */ = {
			isa = PBXVariantGroup;
			children = (
				3CF33EED1C2F98A10099FAE6 /* Base */,
			);
			name = LaunchScreen.storyboard;
			sourceTree = "<group>";
		};
		3CFD07FE1C3135180006F48A /* Demo1.storyboard */ = {
			isa = PBXVariantGroup;
			children = (
				3CFD07FF1C3135180006F48A /* Base */,
			);
			name = Demo1.storyboard;
			sourceTree = "<group>";
		};
/* End PBXVariantGroup section */

/* Begin XCBuildConfiguration section */
		3CF33EF01C2F98A10099FAE6 /* Debug */ = {
			isa = XCBuildConfiguration;
			buildSettings = {
				ALWAYS_SEARCH_USER_PATHS = NO;
				CLANG_CXX_LANGUAGE_STANDARD = "gnu++0x";
				CLANG_CXX_LIBRARY = "libc++";
				CLANG_ENABLE_MODULES = YES;
				CLANG_ENABLE_OBJC_ARC = YES;
				CLANG_WARN_BOOL_CONVERSION = YES;
				CLANG_WARN_CONSTANT_CONVERSION = YES;
				CLANG_WARN_DIRECT_OBJC_ISA_USAGE = YES_ERROR;
				CLANG_WARN_EMPTY_BODY = YES;
				CLANG_WARN_ENUM_CONVERSION = YES;
				CLANG_WARN_INT_CONVERSION = YES;
				CLANG_WARN_OBJC_ROOT_CLASS = YES_ERROR;
				CLANG_WARN_UNREACHABLE_CODE = YES;
				CLANG_WARN__DUPLICATE_METHOD_MATCH = YES;
				"CODE_SIGN_IDENTITY[sdk=iphoneos*]" = "iPhone Developer";
				COPY_PHASE_STRIP = NO;
				DEBUG_INFORMATION_FORMAT = dwarf;
				ENABLE_STRICT_OBJC_MSGSEND = YES;
				ENABLE_TESTABILITY = YES;
				GCC_C_LANGUAGE_STANDARD = gnu99;
				GCC_DYNAMIC_NO_PIC = NO;
				GCC_NO_COMMON_BLOCKS = YES;
				GCC_OPTIMIZATION_LEVEL = 0;
				GCC_PREPROCESSOR_DEFINITIONS = (
					"DEBUG=1",
					"$(inherited)",
				);
				GCC_WARN_64_TO_32_BIT_CONVERSION = YES;
				GCC_WARN_ABOUT_RETURN_TYPE = YES_ERROR;
				GCC_WARN_UNDECLARED_SELECTOR = YES;
				GCC_WARN_UNINITIALIZED_AUTOS = YES_AGGRESSIVE;
				GCC_WARN_UNUSED_FUNCTION = YES;
				GCC_WARN_UNUSED_VARIABLE = YES;
				IPHONEOS_DEPLOYMENT_TARGET = 9.2;
				MTL_ENABLE_DEBUG_INFO = YES;
				ONLY_ACTIVE_ARCH = YES;
				SDKROOT = iphoneos;
			};
			name = Debug;
		};
		3CF33EF11C2F98A10099FAE6 /* Release */ = {
			isa = XCBuildConfiguration;
			buildSettings = {
				ALWAYS_SEARCH_USER_PATHS = NO;
				CLANG_CXX_LANGUAGE_STANDARD = "gnu++0x";
				CLANG_CXX_LIBRARY = "libc++";
				CLANG_ENABLE_MODULES = YES;
				CLANG_ENABLE_OBJC_ARC = YES;
				CLANG_WARN_BOOL_CONVERSION = YES;
				CLANG_WARN_CONSTANT_CONVERSION = YES;
				CLANG_WARN_DIRECT_OBJC_ISA_USAGE = YES_ERROR;
				CLANG_WARN_EMPTY_BODY = YES;
				CLANG_WARN_ENUM_CONVERSION = YES;
				CLANG_WARN_INT_CONVERSION = YES;
				CLANG_WARN_OBJC_ROOT_CLASS = YES_ERROR;
				CLANG_WARN_UNREACHABLE_CODE = YES;
				CLANG_WARN__DUPLICATE_METHOD_MATCH = YES;
				"CODE_SIGN_IDENTITY[sdk=iphoneos*]" = "iPhone Developer";
				COPY_PHASE_STRIP = NO;
				DEBUG_INFORMATION_FORMAT = "dwarf-with-dsym";
				ENABLE_NS_ASSERTIONS = NO;
				ENABLE_STRICT_OBJC_MSGSEND = YES;
				GCC_C_LANGUAGE_STANDARD = gnu99;
				GCC_NO_COMMON_BLOCKS = YES;
				GCC_WARN_64_TO_32_BIT_CONVERSION = YES;
				GCC_WARN_ABOUT_RETURN_TYPE = YES_ERROR;
				GCC_WARN_UNDECLARED_SELECTOR = YES;
				GCC_WARN_UNINITIALIZED_AUTOS = YES_AGGRESSIVE;
				GCC_WARN_UNUSED_FUNCTION = YES;
				GCC_WARN_UNUSED_VARIABLE = YES;
				IPHONEOS_DEPLOYMENT_TARGET = 9.2;
				MTL_ENABLE_DEBUG_INFO = NO;
				SDKROOT = iphoneos;
				VALIDATE_PRODUCT = YES;
			};
			name = Release;
		};
		3CF33EF31C2F98A10099FAE6 /* Debug */ = {
			isa = XCBuildConfiguration;
			buildSettings = {
				ASSETCATALOG_COMPILER_APPICON_NAME = AppIcon;
				INFOPLIST_FILE = UICollectionViewControllerDemo/Info.plist;
				IPHONEOS_DEPLOYMENT_TARGET = 7.0;
				LD_RUNPATH_SEARCH_PATHS = "$(inherited) @executable_path/Frameworks";
				PRODUCT_BUNDLE_IDENTIFIER = "com.litt1e-p.UICollectionViewControllerDemo";
				PRODUCT_NAME = "$(TARGET_NAME)";
			};
			name = Debug;
		};
		3CF33EF41C2F98A10099FAE6 /* Release */ = {
			isa = XCBuildConfiguration;
			buildSettings = {
				ASSETCATALOG_COMPILER_APPICON_NAME = AppIcon;
				INFOPLIST_FILE = UICollectionViewControllerDemo/Info.plist;
				IPHONEOS_DEPLOYMENT_TARGET = 7.0;
				LD_RUNPATH_SEARCH_PATHS = "$(inherited) @executable_path/Frameworks";
				PRODUCT_BUNDLE_IDENTIFIER = "com.litt1e-p.UICollectionViewControllerDemo";
				PRODUCT_NAME = "$(TARGET_NAME)";
			};
			name = Release;
		};
/* End XCBuildConfiguration section */

/* Begin XCConfigurationList section */
		3CF33ED61C2F98A10099FAE6 /* Build configuration list for PBXProject "UICollectionViewControllerDemo" */ = {
			isa = XCConfigurationList;
			buildConfigurations = (
				3CF33EF01C2F98A10099FAE6 /* Debug */,
				3CF33EF11C2F98A10099FAE6 /* Release */,
			);
			defaultConfigurationIsVisible = 0;
			defaultConfigurationName = Release;
		};
		3CF33EF21C2F98A10099FAE6 /* Build configuration list for PBXNativeTarget "UICollectionViewControllerDemo" */ = {
			isa = XCConfigurationList;
			buildConfigurations = (
				3CF33EF31C2F98A10099FAE6 /* Debug */,
				3CF33EF41C2F98A10099FAE6 /* Release */,
			);
			defaultConfigurationIsVisible = 0;
			defaultConfigurationName = Release;
		};
/* End XCConfigurationList section */
	};
	rootObject = 3CF33ED31C2F98A10099FAE6 /* Project object */;
}
